dependencies:
  espressif/esp_lcd_gc9a01:
    component_hash: 0a669137fb2e6979d51aa1c3ed5bd3368fe231aa24815e83751a038202d58d32
    source:
      service_url: https://api.components.espressif.com/
      type: service
    version: 1.0.1
  espressif/esp_lcd_ili9341:
    component_hash: 53ec49a96629686cbe26ed79ee9322496ef12a0660d5aa4d6c75f6aeaaecd2f6
    source:
      service_url: https://api.components.espressif.com/
      type: service
    version: 1.0.2
  espressif/esp_lcd_touch:
    component_hash: 847284c65f8d5aaa9a801f5b3d3dac0ba0a5a2dc1bb68890989e84dd9c4a9d53
    source:
      service_url: https://api.components.espressif.com/
      type: service
    version: 1.0.4
  espressif/esp_lcd_touch_stmpe610:
    component_hash: 0f5f7fb50c2d716e72c2729725e4f96232a594d4b36036d6faa74e66e24d2ac9
    source:
      service_url: https://api.components.espressif.com/
      type: service
    version: 1.0.6
  idf:
    component_hash: null
    source:
      type: idf
    version: 5.1.0
  lvgl/lvgl:
    component_hash: a0525d74dd85092059565b91030daf539a76cce82386972ffebbde67016eb730
    source:
      service_url: https://api.components.espressif.com/
      type: service
    version: 8.3.9
manifest_hash: 92de00940e6dc8be217bc7a3228102774ade2ba6d0c7e06eb7240d39957cf26f
target: esp32
version: 1.0.0
